
Microsoft Visual Studio Solution File, Format Version 12.00
# Visual Studio Version 17
VisualStudioVersion = 17.11.35303.130
MinimumVisualStudioVersion = 10.0.40219.1
Project("{FAE04EC0-301F-11D3-BF4B-00C04F79EFBC}") = "Banking.Control.Panel.API", "Banking.Control.Panel.API\Banking.Control.Panel.API.csproj", "{563794D7-2554-4D76-9226-14EF0CB7C63F}"
EndProject
Project("{FAE04EC0-301F-11D3-BF4B-00C04F79EFBC}") = "Banking.Control.Panel.Model", "..\Banking.Control.Panel.Model\Banking.Control.Panel.Model.csproj", "{123398A0-A1F8-4EC9-BA5F-0CB010CDE1BC}"
EndProject
Project("{FAE04EC0-301F-11D3-BF4B-00C04F79EFBC}") = "Banking.Control.Panel.Service", "..\Banking.Control.Panel.Service\Banking.Control.Panel.Service.csproj", "{CB64E7AF-AE30-45F0-B747-7A8C9377A903}"
EndProject
Project("{FAE04EC0-301F-11D3-BF4B-00C04F79EFBC}") = "Banking.Control.Panel.UI", "..\Banking.Control.Panel.UI\Banking.Control.Panel.UI.csproj", "{2E3E6A04-E278-42C4-90DB-7611A137D518}"
EndProject
Global
	GlobalSection(SolutionConfigurationPlatforms) = preSolution
		Debug|Any CPU = Debug|Any CPU
		Release|Any CPU = Release|Any CPU
	EndGlobalSection
	GlobalSection(ProjectConfigurationPlatforms) = postSolution
		{563794D7-2554-4D76-9226-14EF0CB7C63F}.Debug|Any CPU.ActiveCfg = Debug|Any CPU
		{563794D7-2554-4D76-9226-14EF0CB7C63F}.Debug|Any CPU.Build.0 = Debug|Any CPU
		{563794D7-2554-4D76-9226-14EF0CB7C63F}.Release|Any CPU.ActiveCfg = Release|Any CPU
		{563794D7-2554-4D76-9226-14EF0CB7C63F}.Release|Any CPU.Build.0 = Release|Any CPU
		{123398A0-A1F8-4EC9-BA5F-0CB010CDE1BC}.Debug|Any CPU.ActiveCfg = Debug|Any CPU
		{123398A0-A1F8-4EC9-BA5F-0CB010CDE1BC}.Debug|Any CPU.Build.0 = Debug|Any CPU
		{123398A0-A1F8-4EC9-BA5F-0CB010CDE1BC}.Release|Any CPU.ActiveCfg = Release|Any CPU
		{123398A0-A1F8-4EC9-BA5F-0CB010CDE1BC}.Release|Any CPU.Build.0 = Release|Any CPU
		{CB64E7AF-AE30-45F0-B747-7A8C9377A903}.Debug|Any CPU.ActiveCfg = Debug|Any CPU
		{CB64E7AF-AE30-45F0-B747-7A8C9377A903}.Debug|Any CPU.Build.0 = Debug|Any CPU
		{CB64E7AF-AE30-45F0-B747-7A8C9377A903}.Release|Any CPU.ActiveCfg = Release|Any CPU
		{CB64E7AF-AE30-45F0-B747-7A8C9377A903}.Release|Any CPU.Build.0 = Release|Any CPU
		{2E3E6A04-E278-42C4-90DB-7611A137D518}.Debug|Any CPU.ActiveCfg = Debug|Any CPU
		{2E3E6A04-E278-42C4-90DB-7611A137D518}.Debug|Any CPU.Build.0 = Debug|Any CPU
		{2E3E6A04-E278-42C4-90DB-7611A137D518}.Release|Any CPU.ActiveCfg = Release|Any CPU
		{2E3E6A04-E278-42C4-90DB-7611A137D518}.Release|Any CPU.Build.0 = Release|Any CPU
	EndGlobalSection
	GlobalSection(SolutionProperties) = preSolution
		HideSolutionNode = FALSE
	EndGlobalSection
	GlobalSection(ExtensibilityGlobals) = postSolution
		SolutionGuid = {B86D8E3D-4308-4B2E-B1CB-D0EAF00365A9}
	EndGlobalSection
EndGlobal
